// !$*UTF8*$!
{
	archiveVersion = 1;
	classes = {
	};
	objectVersion = 46;
	objects = {

/* Begin PBXBuildFile section */
		C7B9646A1EF27F6A00928C07 /* AppDelegate.swift in Sources */ = {isa = PBXBuildFile; fileRef = C7B964691EF27F6A00928C07 /* AppDelegate.swift */; };
		C7B964711EF27F6A00928C07 /* Assets.xcassets in Resources */ = {isa = PBXBuildFile; fileRef = C7B964701EF27F6A00928C07 /* Assets.xcassets */; };
		C7B964741EF27F6A00928C07 /* LaunchScreen.storyboard in Resources */ = {isa = PBXBuildFile; fileRef = C7B964721EF27F6A00928C07 /* LaunchScreen.storyboard */; };
		C7B964871EF2820900928C07 /* JJContentScrollView.swift in Sources */ = {isa = PBXBuildFile; fileRef = C7B9647F1EF2820900928C07 /* JJContentScrollView.swift */; };
		C7B964881EF2820900928C07 /* JJContentTableView.swift in Sources */ = {isa = PBXBuildFile; fileRef = C7B964801EF2820900928C07 /* JJContentTableView.swift */; };
		C7B964891EF2820900928C07 /* JJErrorRetryView.swift in Sources */ = {isa = PBXBuildFile; fileRef = C7B964811EF2820900928C07 /* JJErrorRetryView.swift */; };
		C7B9648A1EF2820900928C07 /* JJNewsBannerView.swift in Sources */ = {isa = PBXBuildFile; fileRef = C7B964821EF2820900928C07 /* JJNewsBannerView.swift */; };
		C7B9648B1EF2820900928C07 /* JJNewsContentView.swift in Sources */ = {isa = PBXBuildFile; fileRef = C7B964831EF2820900928C07 /* JJNewsContentView.swift */; };
		C7B9648C1EF2820900928C07 /* JJTopicScrollView.swift in Sources */ = {isa = PBXBuildFile; fileRef = C7B964841EF2820900928C07 /* JJTopicScrollView.swift */; };
		C7B964901EF2827900928C07 /* JJWebViewController.swift in Sources */ = {isa = PBXBuildFile; fileRef = C7B9648E1EF2827900928C07 /* JJWebViewController.swift */; };
		C7B964911EF2827900928C07 /* NewsMainViewController.swift in Sources */ = {isa = PBXBuildFile; fileRef = C7B9648F1EF2827900928C07 /* NewsMainViewController.swift */; };
/* End PBXBuildFile section */

/* Begin PBXFileReference section */
		C7B964661EF27F6A00928C07 /* JJSwiftNews.app */ = {isa = PBXFileReference; explicitFileType = wrapper.application; includeInIndex = 0; path = JJSwiftNews.app; sourceTree = BUILT_PRODUCTS_DIR; };
		C7B964691EF27F6A00928C07 /* AppDelegate.swift */ = {isa = PBXFileReference; lastKnownFileType = sourcecode.swift; path = AppDelegate.swift; sourceTree = "<group>"; };
		C7B964701EF27F6A00928C07 /* Assets.xcassets */ = {isa = PBXFileReference; lastKnownFileType = folder.assetcatalog; path = Assets.xcassets; sourceTree = "<group>"; };
		C7B964731EF27F6A00928C07 /* Base */ = {isa = PBXFileReference; lastKnownFileType = file.storyboard; name = Base; path = Base.lproj/LaunchScreen.storyboard; sourceTree = "<group>"; };
		C7B964751EF27F6A00928C07 /* Info.plist */ = {isa = PBXFileReference; lastKnownFileType = text.plist.xml; path = Info.plist; sourceTree = "<group>"; };
		C7B9647F1EF2820900928C07 /* JJContentScrollView.swift */ = {isa = PBXFileReference; fileEncoding = 4; lastKnownFileType = sourcecode.swift; path = JJContentScrollView.swift; sourceTree = "<group>"; };
		C7B964801EF2820900928C07 /* JJContentTableView.swift */ = {isa = PBXFileReference; fileEncoding = 4; lastKnownFileType = sourcecode.swift; path = JJContentTableView.swift; sourceTree = "<group>"; };
		C7B964811EF2820900928C07 /* JJErrorRetryView.swift */ = {isa = PBXFileReference; fileEncoding = 4; lastKnownFileType = sourcecode.swift; path = JJErrorRetryView.swift; sourceTree = "<group>"; };
		C7B964821EF2820900928C07 /* JJNewsBannerView.swift */ = {isa = PBXFileReference; fileEncoding = 4; lastKnownFileType = sourcecode.swift; path = JJNewsBannerView.swift; sourceTree = "<group>"; };
		C7B964831EF2820900928C07 /* JJNewsContentView.swift */ = {isa = PBXFileReference; fileEncoding = 4; lastKnownFileType = sourcecode.swift; path = JJNewsContentView.swift; sourceTree = "<group>"; };
		C7B964841EF2820900928C07 /* JJTopicScrollView.swift */ = {isa = PBXFileReference; fileEncoding = 4; lastKnownFileType = sourcecode.swift; path = JJTopicScrollView.swift; sourceTree = "<group>"; };
		C7B9648E1EF2827900928C07 /* JJWebViewController.swift */ = {isa = PBXFileReference; fileEncoding = 4; lastKnownFileType = sourcecode.swift; path = JJWebViewController.swift; sourceTree = "<group>"; };
		C7B9648F1EF2827900928C07 /* NewsMainViewController.swift */ = {isa = PBXFileReference; fileEncoding = 4; lastKnownFileType = sourcecode.swift; path = NewsMainViewController.swift; sourceTree = "<group>"; };
/* End PBXFileReference section */

/* Begin PBXFrameworksBuildPhase section */
		C7B964631EF27F6A00928C07 /* Frameworks */ = {
			isa = PBXFrameworksBuildPhase;
			buildActionMask = 2147483647;
			files = (
			);
			runOnlyForDeploymentPostprocessing = 0;
		};
/* End PBXFrameworksBuildPhase section */

/* Begin PBXGroup section */
		C7B9645D1EF27F6900928C07 = {
			isa = PBXGroup;
			children = (
				C7B964681EF27F6A00928C07 /* JJSwiftNews */,
				C7B964671EF27F6A00928C07 /* Products */,
			);
			sourceTree = "<group>";
		};
		C7B964671EF27F6A00928C07 /* Products */ = {
			isa = PBXGroup;
			children = (
				C7B964661EF27F6A00928C07 /* JJSwiftNews.app */,
			);
			name = Products;
			sourceTree = "<group>";
		};
		C7B964681EF27F6A00928C07 /* JJSwiftNews */ = {
			isa = PBXGroup;
			children = (
				C7B964691EF27F6A00928C07 /* AppDelegate.swift */,
				C7B9648D1EF2827900928C07 /* Controllers */,
				C7B9647E1EF2820900928C07 /* Views */,
				C7B964701EF27F6A00928C07 /* Assets.xcassets */,
				C7B964721EF27F6A00928C07 /* LaunchScreen.storyboard */,
				C7B964751EF27F6A00928C07 /* Info.plist */,
			);
			path = JJSwiftNews;
			sourceTree = "<group>";
		};
		C7B9647E1EF2820900928C07 /* Views */ = {
			isa = PBXGroup;
			children = (
				C7B9647F1EF2820900928C07 /* JJContentScrollView.swift */,
				C7B964801EF2820900928C07 /* JJContentTableView.swift */,
				C7B964811EF2820900928C07 /* JJErrorRetryView.swift */,
				C7B964821EF2820900928C07 /* JJNewsBannerView.swift */,
				C7B964831EF2820900928C07 /* JJNewsContentView.swift */,
				C7B964841EF2820900928C07 /* JJTopicScrollView.swift */,
			);
			path = Views;
			sourceTree = "<group>";
		};
		C7B9648D1EF2827900928C07 /* Controllers */ = {
			isa = PBXGroup;
			children = (
				C7B9648E1EF2827900928C07 /* JJWebViewController.swift */,
				C7B9648F1EF2827900928C07 /* NewsMainViewController.swift */,
			);
			path = Controllers;
			sourceTree = "<group>";
		};
/* End PBXGroup section */

/* Begin PBXNativeTarget section */
		C7B964651EF27F6A00928C07 /* JJSwiftNews */ = {
			isa = PBXNativeTarget;
			buildConfigurationList = C7B964781EF27F6A00928C07 /* Build configuration list for PBXNativeTarget "JJSwiftNews" */;
			buildPhases = (
				C7B964621EF27F6A00928C07 /* Sources */,
				C7B964631EF27F6A00928C07 /* Frameworks */,
				C7B964641EF27F6A00928C07 /* Resources */,
			);
			buildRules = (
			);
			dependencies = (
			);
			name = JJSwiftNews;
			productName = JJSwiftNews;
			productReference = C7B964661EF27F6A00928C07 /* JJSwiftNews.app */;
			productType = "com.apple.product-type.application";
		};
/* End PBXNativeTarget section */

/* Begin PBXProject section */
		C7B9645E1EF27F6900928C07 /* Project object */ = {
			isa = PBXProject;
			attributes = {
				LastSwiftUpdateCheck = 0830;
				LastUpgradeCheck = 0830;
				ORGANIZATIONNAME = yejiajun;
				TargetAttributes = {
					C7B964651EF27F6A00928C07 = {
						CreatedOnToolsVersion = 8.3.2;
						DevelopmentTeam = RAT87H825N;
						ProvisioningStyle = Automatic;
					};
				};
			};
			buildConfigurationList = C7B964611EF27F6900928C07 /* Build configuration list for PBXProject "JJSwiftNews" */;
			compatibilityVersion = "Xcode 3.2";
			developmentRegion = English;
			hasScannedForEncodings = 0;
			knownRegions = (
				en,
				Base,
			);
			mainGroup = C7B9645D1EF27F6900928C07;
			productRefGroup = C7B964671EF27F6A00928C07 /* Products */;
			projectDirPath = "";
			projectRoot = "";
			targets = (
				C7B964651EF27F6A00928C07 /* JJSwiftNews */,
			);
		};
/* End PBXProject section */

/* Begin PBXResourcesBuildPhase section */
		C7B964641EF27F6A00928C07 /* Resources */ = {
			isa = PBXResourcesBuildPhase;
			buildActionMask = 2147483647;
			files = (
				C7B964741EF27F6A00928C07 /* LaunchScreen.storyboard in Resources */,
				C7B964711EF27F6A00928C07 /* Assets.xcassets in Resources */,
			);
			runOnlyForDeploymentPostprocessing = 0;
		};
/* End PBXResourcesBuildPhase section */

/* Begin PBXSourcesBuildPhase section */
		C7B964621EF27F6A00928C07 /* Sources */ = {
			isa = PBXSourcesBuildPhase;
			buildActionMask = 2147483647;
			files = (
				C7B964911EF2827900928C07 /* NewsMainViewController.swift in Sources */,
				C7B964891EF2820900928C07 /* JJErrorRetryView.swift in Sources */,
				C7B9648C1EF2820900928C07 /* JJTopicScrollView.swift in Sources */,
				C7B964871EF2820900928C07 /* JJContentScrollView.swift in Sources */,
				C7B9648A1EF2820900928C07 /* JJNewsBannerView.swift in Sources */,
				C7B9646A1EF27F6A00928C07 /* AppDelegate.swift in Sources */,
				C7B964901EF2827900928C07 /* JJWebViewController.swift in Sources */,
				C7B9648B1EF2820900928C07 /* JJNewsContentView.swift in Sources */,
				C7B964881EF2820900928C07 /* JJContentTableView.swift in Sources */,
			);
			runOnlyForDeploymentPostprocessing = 0;
		};
/* End PBXSourcesBuildPhase section */

/* Begin PBXVariantGroup section */
		C7B964721EF27F6A00928C07 /* LaunchScreen.storyboard */ = {
			isa = PBXVariantGroup;
			children = (
				C7B964731EF27F6A00928C07 /* Base */,
			);
			name = LaunchScreen.storyboard;
			sourceTree = "<group>";
		};
/* End PBXVariantGroup section */

/* Begin XCBuildConfiguration section */
		C7B964761EF27F6A00928C07 /* Debug */ = {
			isa = XCBuildConfiguration;
			buildSettings = {
				ALWAYS_SEARCH_USER_PATHS = NO;
				CLANG_ANALYZER_NONNULL = YES;
				CLANG_ANALYZER_NUMBER_OBJECT_CONVERSION = YES_AGGRESSIVE;
				CLANG_CXX_LANGUAGE_STANDARD = "gnu++0x";
				CLANG_CXX_LIBRARY = "libc++";
				CLANG_ENABLE_MODULES = YES;
				CLANG_ENABLE_OBJC_ARC = YES;
				CLANG_WARN_BOOL_CONVERSION = YES;
				CLANG_WARN_CONSTANT_CONVERSION = YES;
				CLANG_WARN_DIRECT_OBJC_ISA_USAGE = YES_ERROR;
				CLANG_WARN_DOCUMENTATION_COMMENTS = YES;
				CLANG_WARN_EMPTY_BODY = YES;
				CLANG_WARN_ENUM_CONVERSION = YES;
				CLANG_WARN_INFINITE_RECURSION = YES;
				CLANG_WARN_INT_CONVERSION = YES;
				CLANG_WARN_OBJC_ROOT_CLASS = YES_ERROR;
				CLANG_WARN_SUSPICIOUS_MOVE = YES;
				CLANG_WARN_UNREACHABLE_CODE = YES;
				CLANG_WARN__DUPLICATE_METHOD_MATCH = YES;
				"CODE_SIGN_IDENTITY[sdk=iphoneos*]" = "iPhone Developer";
				COPY_PHASE_STRIP = NO;
				DEBUG_INFORMATION_FORMAT = dwarf;
				ENABLE_STRICT_OBJC_MSGSEND = YES;
				ENABLE_TESTABILITY = YES;
				GCC_C_LANGUAGE_STANDARD = gnu99;
				GCC_DYNAMIC_NO_PIC = NO;
				GCC_NO_COMMON_BLOCKS = YES;
				GCC_OPTIMIZATION_LEVEL = 0;
				GCC_PREPROCESSOR_DEFINITIONS = (
					"DEBUG=1",
					"$(inherited)",
				);
				GCC_WARN_64_TO_32_BIT_CONVERSION = YES;
				GCC_WARN_ABOUT_RETURN_TYPE = YES_ERROR;
				GCC_WARN_UNDECLARED_SELECTOR = YES;
				GCC_WARN_UNINITIALIZED_AUTOS = YES_AGGRESSIVE;
				GCC_WARN_UNUSED_FUNCTION = YES;
				GCC_WARN_UNUSED_VARIABLE = YES;
				IPHONEOS_DEPLOYMENT_TARGET = 10.3;
				MTL_ENABLE_DEBUG_INFO = YES;
				ONLY_ACTIVE_ARCH = YES;
				SDKROOT = iphoneos;
				SWIFT_ACTIVE_COMPILATION_CONDITIONS = DEBUG;
				SWIFT_OPTIMIZATION_LEVEL = "-Onone";
			};
			name = Debug;
		};
		C7B964771EF27F6A00928C07 /* Release */ = {
			isa = XCBuildConfiguration;
			buildSettings = {
				ALWAYS_SEARCH_USER_PATHS = NO;
				CLANG_ANALYZER_NONNULL = YES;
				CLANG_ANALYZER_NUMBER_OBJECT_CONVERSION = YES_AGGRESSIVE;
				CLANG_CXX_LANGUAGE_STANDARD = "gnu++0x";
				CLANG_CXX_LIBRARY = "libc++";
				CLANG_ENABLE_MODULES = YES;
				CLANG_ENABLE_OBJC_ARC = YES;
				CLANG_WARN_BOOL_CONVERSION = YES;
				CLANG_WARN_CONSTANT_CONVERSION = YES;
				CLANG_WARN_DIRECT_OBJC_ISA_USAGE = YES_ERROR;
				CLANG_WARN_DOCUMENTATION_COMMENTS = YES;
				CLANG_WARN_EMPTY_BODY = YES;
				CLANG_WARN_ENUM_CONVERSION = YES;
				CLANG_WARN_INFINITE_RECURSION = YES;
				CLANG_WARN_INT_CONVERSION = YES;
				CLANG_WARN_OBJC_ROOT_CLASS = YES_ERROR;
				CLANG_WARN_SUSPICIOUS_MOVE = YES;
				CLANG_WARN_UNREACHABLE_CODE = YES;
				CLANG_WARN__DUPLICATE_METHOD_MATCH = YES;
				"CODE_SIGN_IDENTITY[sdk=iphoneos*]" = "iPhone Developer";
				COPY_PHASE_STRIP = NO;
				DEBUG_INFORMATION_FORMAT = "dwarf-with-dsym";
				ENABLE_NS_ASSERTIONS = NO;
				ENABLE_STRICT_OBJC_MSGSEND = YES;
				GCC_C_LANGUAGE_STANDARD = gnu99;
				GCC_NO_COMMON_BLOCKS = YES;
				GCC_WARN_64_TO_32_BIT_CONVERSION = YES;
				GCC_WARN_ABOUT_RETURN_TYPE = YES_ERROR;
				GCC_WARN_UNDECLARED_SELECTOR = YES;
				GCC_WARN_UNINITIALIZED_AUTOS = YES_AGGRESSIVE;
				GCC_WARN_UNUSED_FUNCTION = YES;
				GCC_WARN_UNUSED_VARIABLE = YES;
				IPHONEOS_DEPLOYMENT_TARGET = 10.3;
				MTL_ENABLE_DEBUG_INFO = NO;
				SDKROOT = iphoneos;
				SWIFT_OPTIMIZATION_LEVEL = "-Owholemodule";
				VALIDATE_PRODUCT = YES;
			};
			name = Release;
		};
		C7B964791EF27F6A00928C07 /* Debug */ = {
			isa = XCBuildConfiguration;
			buildSettings = {
				ASSETCATALOG_COMPILER_APPICON_NAME = AppIcon;
				DEVELOPMENT_TEAM = RAT87H825N;
				INFOPLIST_FILE = JJSwiftNews/Info.plist;
				LD_RUNPATH_SEARCH_PATHS = "$(inherited) @executable_path/Frameworks";
				PRODUCT_BUNDLE_IDENTIFIER = com.ye.JJSwiftNews;
				PRODUCT_NAME = "$(TARGET_NAME)";
				SWIFT_VERSION = 3.0;
			};
			name = Debug;
		};
		C7B9647A1EF27F6A00928C07 /* Release */ = {
			isa = XCBuildConfiguration;
			buildSettings = {
				ASSETCATALOG_COMPILER_APPICON_NAME = AppIcon;
				DEVELOPMENT_TEAM = RAT87H825N;
				INFOPLIST_FILE = JJSwiftNews/Info.plist;
				LD_RUNPATH_SEARCH_PATHS = "$(inherited) @executable_path/Frameworks";
				PRODUCT_BUNDLE_IDENTIFIER = com.ye.JJSwiftNews;
				PRODUCT_NAME = "$(TARGET_NAME)";
				SWIFT_VERSION = 3.0;
			};
			name = Release;
		};
/* End XCBuildConfiguration section */

/* Begin XCConfigurationList section */
		C7B964611EF27F6900928C07 /* Build configuration list for PBXProject "JJSwiftNews" */ = {
			isa = XCConfigurationList;
			buildConfigurations = (
				C7B964761EF27F6A00928C07 /* Debug */,
				C7B964771EF27F6A00928C07 /* Release */,
			);
			defaultConfigurationIsVisible = 0;
			defaultConfigurationName = Release;
		};
		C7B964781EF27F6A00928C07 /* Build configuration list for PBXNativeTarget "JJSwiftNews" */ = {
			isa = XCConfigurationList;
			buildConfigurations = (
				C7B964791EF27F6A00928C07 /* Debug */,
				C7B9647A1EF27F6A00928C07 /* Release */,
			);
			defaultConfigurationIsVisible = 0;
			defaultConfigurationName = Release;
		};
/* End XCConfigurationList section */
	};
	rootObject = C7B9645E1EF27F6900928C07 /* Project object */;
}
